
Microsoft Visual Studio Solution File, Format Version 12.00
# Visual Studio Version 17
VisualStudioVersion = 17.12.35527.113 d17.12
MinimumVisualStudioVersion = 10.0.40219.1
Project("{FAE04EC0-301F-11D3-BF4B-00C04F79EFBC}") = "TaskOOP01", "TaskOOP01\TaskOOP01.csproj", "{EBDC9FC8-132A-4C87-86C9-E091EEEBD0BF}"
EndProject
Global
	GlobalSection(SolutionConfigurationPlatforms) = preSolution
		Debug|Any CPU = Debug|Any CPU
		Release|Any CPU = Release|Any CPU
	EndGlobalSection
	GlobalSection(ProjectConfigurationPlatforms) = postSolution
		{EBDC9FC8-132A-4C87-86C9-E091EEEBD0BF}.Debug|Any CPU.ActiveCfg = Debug|Any CPU
		{EBDC9FC8-132A-4C87-86C9-E091EEEBD0BF}.Debug|Any CPU.Build.0 = Debug|Any CPU
		{EBDC9FC8-132A-4C87-86C9-E091EEEBD0BF}.Release|Any CPU.ActiveCfg = Release|Any CPU
		{EBDC9FC8-132A-4C87-86C9-E091EEEBD0BF}.Release|Any CPU.Build.0 = Release|Any CPU
	EndGlobalSection
	GlobalSection(SolutionProperties) = preSolution
		HideSolutionNode = FALSE
	EndGlobalSection
EndGlobal
